
Microsoft Visual Studio Solution File, Format Version 12.00
# Visual Studio Version 17
VisualStudioVersion = 17.2.32616.157
MinimumVisualStudioVersion = 10.0.40219.1
Project("{FAE04EC0-301F-11D3-BF4B-00C04F79EFBC}") = "UAS_123", "UAS_123.csproj", "{515F1097-D0A3-43B4-9F6C-F5214CE5AA04}"
EndProject
Global
	GlobalSection(SolutionConfigurationPlatforms) = preSolution
		Debug|Any CPU = Debug|Any CPU
		Release|Any CPU = Release|Any CPU
	EndGlobalSection
	GlobalSection(ProjectConfigurationPlatforms) = postSolution
		{515F1097-D0A3-43B4-9F6C-F5214CE5AA04}.Debug|Any CPU.ActiveCfg = Debug|Any CPU
		{515F1097-D0A3-43B4-9F6C-F5214CE5AA04}.Debug|Any CPU.Build.0 = Debug|Any CPU
		{515F1097-D0A3-43B4-9F6C-F5214CE5AA04}.Release|Any CPU.ActiveCfg = Release|Any CPU
		{515F1097-D0A3-43B4-9F6C-F5214CE5AA04}.Release|Any CPU.Build.0 = Release|Any CPU
	EndGlobalSection
	GlobalSection(SolutionProperties) = preSolution
		HideSolutionNode = FALSE
	EndGlobalSection
	GlobalSection(ExtensibilityGlobals) = postSolution
		SolutionGuid = {F7947A91-2ED7-4EF9-A284-FE44116D1489}
	EndGlobalSection
EndGlobal
